
Microsoft Visual Studio Solution File, Format Version 12.00
# Visual Studio 15
VisualStudioVersion = 15.0.26430.6
MinimumVisualStudioVersion = 10.0.40219.1
Project("{FAE04EC0-301F-11D3-BF4B-00C04F79EFBC}") = "Charity", "Charity\Charity.csproj", "{8951151C-4154-47B8-A910-E6BB45C8C264}"
EndProject
Project("{FAE04EC0-301F-11D3-BF4B-00C04F79EFBC}") = "MorzeCode", "MorzeCode\MorzeCode.csproj", "{65F52FAE-CA4A-441D-8CB2-6FEBAFBF2854}"
EndProject
Project("{FAE04EC0-301F-11D3-BF4B-00C04F79EFBC}") = "Hideout", "Hideout\Hideout.csproj", "{A25BF4A1-685C-4FB7-BEB3-4314B73487B3}"
EndProject
Global
	GlobalSection(SolutionConfigurationPlatforms) = preSolution
		Debug|Any CPU = Debug|Any CPU
		Release|Any CPU = Release|Any CPU
	EndGlobalSection
	GlobalSection(ProjectConfigurationPlatforms) = postSolution
		{8951151C-4154-47B8-A910-E6BB45C8C264}.Debug|Any CPU.ActiveCfg = Debug|Any CPU
		{8951151C-4154-47B8-A910-E6BB45C8C264}.Debug|Any CPU.Build.0 = Debug|Any CPU
		{8951151C-4154-47B8-A910-E6BB45C8C264}.Release|Any CPU.ActiveCfg = Release|Any CPU
		{8951151C-4154-47B8-A910-E6BB45C8C264}.Release|Any CPU.Build.0 = Release|Any CPU
		{65F52FAE-CA4A-441D-8CB2-6FEBAFBF2854}.Debug|Any CPU.ActiveCfg = Debug|Any CPU
		{65F52FAE-CA4A-441D-8CB2-6FEBAFBF2854}.Debug|Any CPU.Build.0 = Debug|Any CPU
		{65F52FAE-CA4A-441D-8CB2-6FEBAFBF2854}.Release|Any CPU.ActiveCfg = Release|Any CPU
		{65F52FAE-CA4A-441D-8CB2-6FEBAFBF2854}.Release|Any CPU.Build.0 = Release|Any CPU
		{A25BF4A1-685C-4FB7-BEB3-4314B73487B3}.Debug|Any CPU.ActiveCfg = Debug|Any CPU
		{A25BF4A1-685C-4FB7-BEB3-4314B73487B3}.Debug|Any CPU.Build.0 = Debug|Any CPU
		{A25BF4A1-685C-4FB7-BEB3-4314B73487B3}.Release|Any CPU.ActiveCfg = Release|Any CPU
		{A25BF4A1-685C-4FB7-BEB3-4314B73487B3}.Release|Any CPU.Build.0 = Release|Any CPU
	EndGlobalSection
	GlobalSection(SolutionProperties) = preSolution
		HideSolutionNode = FALSE
	EndGlobalSection
EndGlobal
