
Microsoft Visual Studio Solution File, Format Version 12.00
# Visual Studio 15
VisualStudioVersion = 15.0.26430.6
MinimumVisualStudioVersion = 10.0.40219.1
Project("{FAE04EC0-301F-11D3-BF4B-00C04F79EFBC}") = "SweetDesert", "SweetDesert\SweetDesert.csproj", "{393BE4EC-C50D-4EA1-A9CC-E9D8A2BA6DD3}"
EndProject
Project("{FAE04EC0-301F-11D3-BF4B-00C04F79EFBC}") = "ArrayManipulator", "ArrayManipulator\ArrayManipulator.csproj", "{8EA4E820-4664-43F2-AA84-1DDA1D2F51EC}"
EndProject
Global
	GlobalSection(SolutionConfigurationPlatforms) = preSolution
		Debug|Any CPU = Debug|Any CPU
		Release|Any CPU = Release|Any CPU
	EndGlobalSection
	GlobalSection(ProjectConfigurationPlatforms) = postSolution
		{393BE4EC-C50D-4EA1-A9CC-E9D8A2BA6DD3}.Debug|Any CPU.ActiveCfg = Debug|Any CPU
		{393BE4EC-C50D-4EA1-A9CC-E9D8A2BA6DD3}.Debug|Any CPU.Build.0 = Debug|Any CPU
		{393BE4EC-C50D-4EA1-A9CC-E9D8A2BA6DD3}.Release|Any CPU.ActiveCfg = Release|Any CPU
		{393BE4EC-C50D-4EA1-A9CC-E9D8A2BA6DD3}.Release|Any CPU.Build.0 = Release|Any CPU
		{8EA4E820-4664-43F2-AA84-1DDA1D2F51EC}.Debug|Any CPU.ActiveCfg = Debug|Any CPU
		{8EA4E820-4664-43F2-AA84-1DDA1D2F51EC}.Debug|Any CPU.Build.0 = Debug|Any CPU
		{8EA4E820-4664-43F2-AA84-1DDA1D2F51EC}.Release|Any CPU.ActiveCfg = Release|Any CPU
		{8EA4E820-4664-43F2-AA84-1DDA1D2F51EC}.Release|Any CPU.Build.0 = Release|Any CPU
	EndGlobalSection
	GlobalSection(SolutionProperties) = preSolution
		HideSolutionNode = FALSE
	EndGlobalSection
EndGlobal
